
Microsoft Visual Studio Solution File, Format Version 12.00
# Visual Studio Version 16
VisualStudioVersion = 16.0.30907.101
MinimumVisualStudioVersion = 10.0.40219.1
Project("{FAE04EC0-301F-11D3-BF4B-00C04F79EFBC}") = "ICT3101", "ICT3101\ICT3101.csproj", "{B973C356-A567-4580-BA7D-9F0E477DF9D9}"
EndProject
Project("{FAE04EC0-301F-11D3-BF4B-00C04F79EFBC}") = "ICT3101_Calculator.UnitTests", "ICT3101_Calculator.UnitTests\ICT3101_Calculator.UnitTests.csproj", "{66E9B02A-979A-47DC-A6F9-FF363CE17846}"
EndProject
Project("{2150E333-8FDC-42A3-9474-1A3956D46DE8}") = "Solution Items", "Solution Items", "{BB1F5D30-309B-4FE3-BB8A-72F32D490FE9}"
	ProjectSection(SolutionItems) = preProject
		.travis.yml = .travis.yml
	EndProjectSection
EndProject
Global
	GlobalSection(SolutionConfigurationPlatforms) = preSolution
		Debug|Any CPU = Debug|Any CPU
		Release|Any CPU = Release|Any CPU
	EndGlobalSection
	GlobalSection(ProjectConfigurationPlatforms) = postSolution
		{B973C356-A567-4580-BA7D-9F0E477DF9D9}.Debug|Any CPU.ActiveCfg = Debug|Any CPU
		{B973C356-A567-4580-BA7D-9F0E477DF9D9}.Debug|Any CPU.Build.0 = Debug|Any CPU
		{B973C356-A567-4580-BA7D-9F0E477DF9D9}.Release|Any CPU.ActiveCfg = Release|Any CPU
		{B973C356-A567-4580-BA7D-9F0E477DF9D9}.Release|Any CPU.Build.0 = Release|Any CPU
		{66E9B02A-979A-47DC-A6F9-FF363CE17846}.Debug|Any CPU.ActiveCfg = Debug|Any CPU
		{66E9B02A-979A-47DC-A6F9-FF363CE17846}.Debug|Any CPU.Build.0 = Debug|Any CPU
		{66E9B02A-979A-47DC-A6F9-FF363CE17846}.Release|Any CPU.ActiveCfg = Release|Any CPU
		{66E9B02A-979A-47DC-A6F9-FF363CE17846}.Release|Any CPU.Build.0 = Release|Any CPU
	EndGlobalSection
	GlobalSection(SolutionProperties) = preSolution
		HideSolutionNode = FALSE
	EndGlobalSection
	GlobalSection(ExtensibilityGlobals) = postSolution
		SolutionGuid = {B0187CF4-1263-436F-ACBF-2249519CB2FA}
	EndGlobalSection
EndGlobal
